
Microsoft Visual Studio Solution File, Format Version 12.00
# Visual Studio Version 16
VisualStudioVersion = 16.0.32510.428
MinimumVisualStudioVersion = 10.0.40219.1
Project("{8BC9CEB8-8B4A-11D0-8D11-00A0C91BC942}") = "Ejercicio 1", "Clase XIV.vcxproj", "{6A3F0837-E2A8-4490-A8E7-BF12D8F85E75}"
EndProject
Project("{8BC9CEB8-8B4A-11D0-8D11-00A0C91BC942}") = "Ejercicio 2", "..\Ejercicio 2\Ejercicio 2.vcxproj", "{DBE912E2-685D-421E-AD67-451C853EE60E}"
EndProject
Global
	GlobalSection(SolutionConfigurationPlatforms) = preSolution
		Debug|x64 = Debug|x64
		Debug|x86 = Debug|x86
		Release|x64 = Release|x64
		Release|x86 = Release|x86
	EndGlobalSection
	GlobalSection(ProjectConfigurationPlatforms) = postSolution
		{6A3F0837-E2A8-4490-A8E7-BF12D8F85E75}.Debug|x64.ActiveCfg = Debug|x64
		{6A3F0837-E2A8-4490-A8E7-BF12D8F85E75}.Debug|x64.Build.0 = Debug|x64
		{6A3F0837-E2A8-4490-A8E7-BF12D8F85E75}.Debug|x86.ActiveCfg = Debug|Win32
		{6A3F0837-E2A8-4490-A8E7-BF12D8F85E75}.Debug|x86.Build.0 = Debug|Win32
		{6A3F0837-E2A8-4490-A8E7-BF12D8F85E75}.Release|x64.ActiveCfg = Release|x64
		{6A3F0837-E2A8-4490-A8E7-BF12D8F85E75}.Release|x64.Build.0 = Release|x64
		{6A3F0837-E2A8-4490-A8E7-BF12D8F85E75}.Release|x86.ActiveCfg = Release|Win32
		{6A3F0837-E2A8-4490-A8E7-BF12D8F85E75}.Release|x86.Build.0 = Release|Win32
		{DBE912E2-685D-421E-AD67-451C853EE60E}.Debug|x64.ActiveCfg = Debug|x64
		{DBE912E2-685D-421E-AD67-451C853EE60E}.Debug|x64.Build.0 = Debug|x64
		{DBE912E2-685D-421E-AD67-451C853EE60E}.Debug|x86.ActiveCfg = Debug|Win32
		{DBE912E2-685D-421E-AD67-451C853EE60E}.Debug|x86.Build.0 = Debug|Win32
		{DBE912E2-685D-421E-AD67-451C853EE60E}.Release|x64.ActiveCfg = Release|x64
		{DBE912E2-685D-421E-AD67-451C853EE60E}.Release|x64.Build.0 = Release|x64
		{DBE912E2-685D-421E-AD67-451C853EE60E}.Release|x86.ActiveCfg = Release|Win32
		{DBE912E2-685D-421E-AD67-451C853EE60E}.Release|x86.Build.0 = Release|Win32
	EndGlobalSection
	GlobalSection(SolutionProperties) = preSolution
		HideSolutionNode = FALSE
	EndGlobalSection
	GlobalSection(ExtensibilityGlobals) = postSolution
		SolutionGuid = {E1F26B48-28F1-4A32-91F9-601D77B28166}
	EndGlobalSection
EndGlobal
